// !$*UTF8*$!
{
	archiveVersion = 1;
	classes = {
	};
	objectVersion = 77;
	objects = {

/* Begin PBXBuildFile section */
		C623405D2E862BC20018C2BF /* Then in Frameworks */ = {isa = PBXBuildFile; productRef = C623405C2E862BC20018C2BF /* Then */; };
		C623405F2E862C570018C2BF /* SnapKit in Frameworks */ = {isa = PBXBuildFile; productRef = C623405E2E862C570018C2BF /* SnapKit */; };
		C62340632E862C7D0018C2BF /* Moya in Frameworks */ = {isa = PBXBuildFile; productRef = C62340622E862C7D0018C2BF /* Moya */; };
		C62340652E862C7D0018C2BF /* ReactiveMoya in Frameworks */ = {isa = PBXBuildFile; productRef = C62340642E862C7D0018C2BF /* ReactiveMoya */; };
		C62340672E862C7D0018C2BF /* RxMoya in Frameworks */ = {isa = PBXBuildFile; productRef = C62340662E862C7D0018C2BF /* RxMoya */; };
		C62340692E862CAA0018C2BF /* RxBlocking in Frameworks */ = {isa = PBXBuildFile; productRef = C62340682E862CAA0018C2BF /* RxBlocking */; };
		C623406D2E862CAA0018C2BF /* RxCocoa in Frameworks */ = {isa = PBXBuildFile; productRef = C623406C2E862CAA0018C2BF /* RxCocoa */; };
		C62340712E862CAA0018C2BF /* RxRelay in Frameworks */ = {isa = PBXBuildFile; productRef = C62340702E862CAA0018C2BF /* RxRelay */; };
		C62340752E862CAA0018C2BF /* RxSwift in Frameworks */ = {isa = PBXBuildFile; productRef = C62340742E862CAA0018C2BF /* RxSwift */; };
		C62340792E862CAA0018C2BF /* RxTest in Frameworks */ = {isa = PBXBuildFile; productRef = C62340782E862CAA0018C2BF /* RxTest */; };
		C623407B2E862CAA0018C2BF /* RxTest-Dynamic in Frameworks */ = {isa = PBXBuildFile; productRef = C623407A2E862CAA0018C2BF /* RxTest-Dynamic */; };
/* End PBXBuildFile section */

/* Begin PBXContainerItemProxy section */
		C6233FB32E8511DE0018C2BF /* PBXContainerItemProxy */ = {
			isa = PBXContainerItemProxy;
			containerPortal = C6233F942E8511DB0018C2BF /* Project object */;
			proxyType = 1;
			remoteGlobalIDString = C6233F9B2E8511DB0018C2BF;
			remoteInfo = CleanArchitecture;
		};
		C6233FBD2E8511DE0018C2BF /* PBXContainerItemProxy */ = {
			isa = PBXContainerItemProxy;
			containerPortal = C6233F942E8511DB0018C2BF /* Project object */;
			proxyType = 1;
			remoteGlobalIDString = C6233F9B2E8511DB0018C2BF;
			remoteInfo = CleanArchitecture;
		};
/* End PBXContainerItemProxy section */

/* Begin PBXFileReference section */
		C6233F9C2E8511DB0018C2BF /* CleanMovie.app */ = {isa = PBXFileReference; explicitFileType = wrapper.application; includeInIndex = 0; path = CleanMovie.app; sourceTree = BUILT_PRODUCTS_DIR; };
		C6233FB22E8511DE0018C2BF /* CleanMovieTests.xctest */ = {isa = PBXFileReference; explicitFileType = wrapper.cfbundle; includeInIndex = 0; path = CleanMovieTests.xctest; sourceTree = BUILT_PRODUCTS_DIR; };
		C6233FBC2E8511DE0018C2BF /* CleanMovieUITests.xctest */ = {isa = PBXFileReference; explicitFileType = wrapper.cfbundle; includeInIndex = 0; path = CleanMovieUITests.xctest; sourceTree = BUILT_PRODUCTS_DIR; };
/* End PBXFileReference section */

/* Begin PBXFileSystemSynchronizedBuildFileExceptionSet section */
		C6233FC42E8511DE0018C2BF /* Exceptions for "CleanMovie" folder in "CleanMovie" target */ = {
			isa = PBXFileSystemSynchronizedBuildFileExceptionSet;
			membershipExceptions = (
				Info.plist,
			);
			target = C6233F9B2E8511DB0018C2BF /* CleanMovie */;
		};
/* End PBXFileSystemSynchronizedBuildFileExceptionSet section */

/* Begin PBXFileSystemSynchronizedRootGroup section */
		C6233F9E2E8511DB0018C2BF /* CleanMovie */ = {
			isa = PBXFileSystemSynchronizedRootGroup;
			exceptions = (
				C6233FC42E8511DE0018C2BF /* Exceptions for "CleanMovie" folder in "CleanMovie" target */,
			);
			path = CleanMovie;
			sourceTree = "<group>";
		};
		C6233FB52E8511DE0018C2BF /* CleanMovieTests */ = {
			isa = PBXFileSystemSynchronizedRootGroup;
			path = CleanMovieTests;
			sourceTree = "<group>";
		};
		C6233FBF2E8511DE0018C2BF /* CleanMovieUITests */ = {
			isa = PBXFileSystemSynchronizedRootGroup;
			path = CleanMovieUITests;
			sourceTree = "<group>";
		};
/* End PBXFileSystemSynchronizedRootGroup section */

/* Begin PBXFrameworksBuildPhase section */
		C6233F992E8511DB0018C2BF /* Frameworks */ = {
			isa = PBXFrameworksBuildPhase;
			buildActionMask = 2147483647;
			files = (
				C623406D2E862CAA0018C2BF /* RxCocoa in Frameworks */,
				C62340672E862C7D0018C2BF /* RxMoya in Frameworks */,
				C623405D2E862BC20018C2BF /* Then in Frameworks */,
				C623405F2E862C570018C2BF /* SnapKit in Frameworks */,
				C62340632E862C7D0018C2BF /* Moya in Frameworks */,
				C62340652E862C7D0018C2BF /* ReactiveMoya in Frameworks */,
				C62340752E862CAA0018C2BF /* RxSwift in Frameworks */,
				C62340692E862CAA0018C2BF /* RxBlocking in Frameworks */,
				C62340712E862CAA0018C2BF /* RxRelay in Frameworks */,
			);
			runOnlyForDeploymentPostprocessing = 0;
		};
		C6233FAF2E8511DE0018C2BF /* Frameworks */ = {
			isa = PBXFrameworksBuildPhase;
			buildActionMask = 2147483647;
			files = (
				C623407B2E862CAA0018C2BF /* RxTest-Dynamic in Frameworks */,
				C62340792E862CAA0018C2BF /* RxTest in Frameworks */,
			);
			runOnlyForDeploymentPostprocessing = 0;
		};
		C6233FB92E8511DE0018C2BF /* Frameworks */ = {
			isa = PBXFrameworksBuildPhase;
			buildActionMask = 2147483647;
			files = (
			);
			runOnlyForDeploymentPostprocessing = 0;
		};
/* End PBXFrameworksBuildPhase section */

/* Begin PBXGroup section */
		C6233F932E8511DB0018C2BF = {
			isa = PBXGroup;
			children = (
				C6233F9E2E8511DB0018C2BF /* CleanMovie */,
				C6233FB52E8511DE0018C2BF /* CleanMovieTests */,
				C6233FBF2E8511DE0018C2BF /* CleanMovieUITests */,
				C6233F9D2E8511DB0018C2BF /* Products */,
			);
			sourceTree = "<group>";
		};
		C6233F9D2E8511DB0018C2BF /* Products */ = {
			isa = PBXGroup;
			children = (
				C6233F9C2E8511DB0018C2BF /* CleanMovie.app */,
				C6233FB22E8511DE0018C2BF /* CleanMovieTests.xctest */,
				C6233FBC2E8511DE0018C2BF /* CleanMovieUITests.xctest */,
			);
			name = Products;
			sourceTree = "<group>";
		};
/* End PBXGroup section */

/* Begin PBXNativeTarget section */
		C6233F9B2E8511DB0018C2BF /* CleanMovie */ = {
			isa = PBXNativeTarget;
			buildConfigurationList = C6233FC52E8511DE0018C2BF /* Build configuration list for PBXNativeTarget "CleanMovie" */;
			buildPhases = (
				C6233F982E8511DB0018C2BF /* Sources */,
				C6233F992E8511DB0018C2BF /* Frameworks */,
				C6233F9A2E8511DB0018C2BF /* Resources */,
			);
			buildRules = (
			);
			dependencies = (
			);
			fileSystemSynchronizedGroups = (
				C6233F9E2E8511DB0018C2BF /* CleanMovie */,
			);
			name = CleanMovie;
			packageProductDependencies = (
				C623405C2E862BC20018C2BF /* Then */,
				C623405E2E862C570018C2BF /* SnapKit */,
				C62340602E862C570018C2BF /* SnapKit-Dynamic */,
				C62340622E862C7D0018C2BF /* Moya */,
				C62340642E862C7D0018C2BF /* ReactiveMoya */,
				C62340662E862C7D0018C2BF /* RxMoya */,
				C62340682E862CAA0018C2BF /* RxBlocking */,
				C623406A2E862CAA0018C2BF /* RxBlocking-Dynamic */,
				C623406C2E862CAA0018C2BF /* RxCocoa */,
				C623406E2E862CAA0018C2BF /* RxCocoa-Dynamic */,
				C62340702E862CAA0018C2BF /* RxRelay */,
				C62340722E862CAA0018C2BF /* RxRelay-Dynamic */,
				C62340742E862CAA0018C2BF /* RxSwift */,
				C62340762E862CAA0018C2BF /* RxSwift-Dynamic */,
			);
			productName = CleanArchitecture;
			productReference = C6233F9C2E8511DB0018C2BF /* CleanMovie.app */;
			productType = "com.apple.product-type.application";
		};
		C6233FB12E8511DE0018C2BF /* CleanMovieTests */ = {
			isa = PBXNativeTarget;
			buildConfigurationList = C6233FCA2E8511DE0018C2BF /* Build configuration list for PBXNativeTarget "CleanMovieTests" */;
			buildPhases = (
				C6233FAE2E8511DE0018C2BF /* Sources */,
				C6233FAF2E8511DE0018C2BF /* Frameworks */,
				C6233FB02E8511DE0018C2BF /* Resources */,
			);
			buildRules = (
			);
			dependencies = (
				C6233FB42E8511DE0018C2BF /* PBXTargetDependency */,
			);
			fileSystemSynchronizedGroups = (
				C6233FB52E8511DE0018C2BF /* CleanMovieTests */,
			);
			name = CleanMovieTests;
			packageProductDependencies = (
				C62340782E862CAA0018C2BF /* RxTest */,
				C623407A2E862CAA0018C2BF /* RxTest-Dynamic */,
			);
			productName = CleanArchitectureTests;
			productReference = C6233FB22E8511DE0018C2BF /* CleanMovieTests.xctest */;
			productType = "com.apple.product-type.bundle.unit-test";
		};
		C6233FBB2E8511DE0018C2BF /* CleanMovieUITests */ = {
			isa = PBXNativeTarget;
			buildConfigurationList = C6233FCD2E8511DE0018C2BF /* Build configuration list for PBXNativeTarget "CleanMovieUITests" */;
			buildPhases = (
				C6233FB82E8511DE0018C2BF /* Sources */,
				C6233FB92E8511DE0018C2BF /* Frameworks */,
				C6233FBA2E8511DE0018C2BF /* Resources */,
			);
			buildRules = (
			);
			dependencies = (
				C6233FBE2E8511DE0018C2BF /* PBXTargetDependency */,
			);
			fileSystemSynchronizedGroups = (
				C6233FBF2E8511DE0018C2BF /* CleanMovieUITests */,
			);
			name = CleanMovieUITests;
			packageProductDependencies = (
			);
			productName = CleanArchitectureUITests;
			productReference = C6233FBC2E8511DE0018C2BF /* CleanMovieUITests.xctest */;
			productType = "com.apple.product-type.bundle.ui-testing";
		};
/* End PBXNativeTarget section */

/* Begin PBXProject section */
		C6233F942E8511DB0018C2BF /* Project object */ = {
			isa = PBXProject;
			attributes = {
				BuildIndependentTargetsInParallel = 1;
				LastSwiftUpdateCheck = 1600;
				LastUpgradeCheck = 1600;
				TargetAttributes = {
					C6233F9B2E8511DB0018C2BF = {
						CreatedOnToolsVersion = 16.0;
					};
					C6233FB12E8511DE0018C2BF = {
						CreatedOnToolsVersion = 16.0;
						TestTargetID = C6233F9B2E8511DB0018C2BF;
					};
					C6233FBB2E8511DE0018C2BF = {
						CreatedOnToolsVersion = 16.0;
						TestTargetID = C6233F9B2E8511DB0018C2BF;
					};
				};
			};
			buildConfigurationList = C6233F972E8511DB0018C2BF /* Build configuration list for PBXProject "CleanMovie" */;
			developmentRegion = en;
			hasScannedForEncodings = 0;
			knownRegions = (
				en,
				Base,
			);
			mainGroup = C6233F932E8511DB0018C2BF;
			minimizedProjectReferenceProxies = 1;
			packageReferences = (
				C62340542E862A0D0018C2BF /* XCRemoteSwiftPackageReference "Moya" */,
				C62340552E862A2A0018C2BF /* XCRemoteSwiftPackageReference "RxSwift" */,
				C62340562E862A3D0018C2BF /* XCRemoteSwiftPackageReference "SnapKit" */,
				C62340572E862A4C0018C2BF /* XCRemoteSwiftPackageReference "Then" */,
			);
			preferredProjectObjectVersion = 77;
			productRefGroup = C6233F9D2E8511DB0018C2BF /* Products */;
			projectDirPath = "";
			projectRoot = "";
			targets = (
				C6233F9B2E8511DB0018C2BF /* CleanMovie */,
				C6233FB12E8511DE0018C2BF /* CleanMovieTests */,
				C6233FBB2E8511DE0018C2BF /* CleanMovieUITests */,
			);
		};
/* End PBXProject section */

/* Begin PBXResourcesBuildPhase section */
		C6233F9A2E8511DB0018C2BF /* Resources */ = {
			isa = PBXResourcesBuildPhase;
			buildActionMask = 2147483647;
			files = (
			);
			runOnlyForDeploymentPostprocessing = 0;
		};
		C6233FB02E8511DE0018C2BF /* Resources */ = {
			isa = PBXResourcesBuildPhase;
			buildActionMask = 2147483647;
			files = (
			);
			runOnlyForDeploymentPostprocessing = 0;
		};
		C6233FBA2E8511DE0018C2BF /* Resources */ = {
			isa = PBXResourcesBuildPhase;
			buildActionMask = 2147483647;
			files = (
			);
			runOnlyForDeploymentPostprocessing = 0;
		};
/* End PBXResourcesBuildPhase section */

/* Begin PBXSourcesBuildPhase section */
		C6233F982E8511DB0018C2BF /* Sources */ = {
			isa = PBXSourcesBuildPhase;
			buildActionMask = 2147483647;
			files = (
			);
			runOnlyForDeploymentPostprocessing = 0;
		};
		C6233FAE2E8511DE0018C2BF /* Sources */ = {
			isa = PBXSourcesBuildPhase;
			buildActionMask = 2147483647;
			files = (
			);
			runOnlyForDeploymentPostprocessing = 0;
		};
		C6233FB82E8511DE0018C2BF /* Sources */ = {
			isa = PBXSourcesBuildPhase;
			buildActionMask = 2147483647;
			files = (
			);
			runOnlyForDeploymentPostprocessing = 0;
		};
/* End PBXSourcesBuildPhase section */

/* Begin PBXTargetDependency section */
		C6233FB42E8511DE0018C2BF /* PBXTargetDependency */ = {
			isa = PBXTargetDependency;
			target = C6233F9B2E8511DB0018C2BF /* CleanMovie */;
			targetProxy = C6233FB32E8511DE0018C2BF /* PBXContainerItemProxy */;
		};
		C6233FBE2E8511DE0018C2BF /* PBXTargetDependency */ = {
			isa = PBXTargetDependency;
			target = C6233F9B2E8511DB0018C2BF /* CleanMovie */;
			targetProxy = C6233FBD2E8511DE0018C2BF /* PBXContainerItemProxy */;
		};
/* End PBXTargetDependency section */

/* Begin XCBuildConfiguration section */
		C6233FC62E8511DE0018C2BF /* Debug */ = {
			isa = XCBuildConfiguration;
			buildSettings = {
				ASSETCATALOG_COMPILER_APPICON_NAME = AppIcon;
				ASSETCATALOG_COMPILER_GLOBAL_ACCENT_COLOR_NAME = AccentColor;
				CODE_SIGN_STYLE = Automatic;
				CURRENT_PROJECT_VERSION = 1;
				DEVELOPMENT_TEAM = P28M74SH4G;
				GENERATE_INFOPLIST_FILE = YES;
				INFOPLIST_FILE = CleanMovie/Info.plist;
				INFOPLIST_KEY_UIApplicationSupportsIndirectInputEvents = YES;
				INFOPLIST_KEY_UILaunchStoryboardName = LaunchScreen;
				INFOPLIST_KEY_UIMainStoryboardFile = Main;
				INFOPLIST_KEY_UISupportedInterfaceOrientations_iPad = "UIInterfaceOrientationPortrait UIInterfaceOrientationPortraitUpsideDown UIInterfaceOrientationLandscapeLeft UIInterfaceOrientationLandscapeRight";
				INFOPLIST_KEY_UISupportedInterfaceOrientations_iPhone = "UIInterfaceOrientationPortrait UIInterfaceOrientationLandscapeLeft UIInterfaceOrientationLandscapeRight";
				LD_RUNPATH_SEARCH_PATHS = (
					"$(inherited)",
					"@executable_path/Frameworks",
				);
				MARKETING_VERSION = 1.0;
				PRODUCT_BUNDLE_IDENTIFIER = com.quantec.im.CleanMovie;
				PRODUCT_NAME = "$(TARGET_NAME)";
				SWIFT_EMIT_LOC_STRINGS = YES;
				SWIFT_VERSION = 5.0;
				TARGETED_DEVICE_FAMILY = "1,2";
			};
			name = Debug;
		};
		C6233FC72E8511DE0018C2BF /* Release */ = {
			isa = XCBuildConfiguration;
			buildSettings = {
				ASSETCATALOG_COMPILER_APPICON_NAME = AppIcon;
				ASSETCATALOG_COMPILER_GLOBAL_ACCENT_COLOR_NAME = AccentColor;
				CODE_SIGN_STYLE = Automatic;
				CURRENT_PROJECT_VERSION = 1;
				DEVELOPMENT_TEAM = P28M74SH4G;
				GENERATE_INFOPLIST_FILE = YES;
				INFOPLIST_FILE = CleanMovie/Info.plist;
				INFOPLIST_KEY_UIApplicationSupportsIndirectInputEvents = YES;
				INFOPLIST_KEY_UILaunchStoryboardName = LaunchScreen;
				INFOPLIST_KEY_UIMainStoryboardFile = Main;
				INFOPLIST_KEY_UISupportedInterfaceOrientations_iPad = "UIInterfaceOrientationPortrait UIInterfaceOrientationPortraitUpsideDown UIInterfaceOrientationLandscapeLeft UIInterfaceOrientationLandscapeRight";
				INFOPLIST_KEY_UISupportedInterfaceOrientations_iPhone = "UIInterfaceOrientationPortrait UIInterfaceOrientationLandscapeLeft UIInterfaceOrientationLandscapeRight";
				LD_RUNPATH_SEARCH_PATHS = (
					"$(inherited)",
					"@executable_path/Frameworks",
				);
				MARKETING_VERSION = 1.0;
				PRODUCT_BUNDLE_IDENTIFIER = com.quantec.im.CleanMovie;
				PRODUCT_NAME = "$(TARGET_NAME)";
				SWIFT_EMIT_LOC_STRINGS = YES;
				SWIFT_VERSION = 5.0;
				TARGETED_DEVICE_FAMILY = "1,2";
			};
			name = Release;
		};
		C6233FC82E8511DE0018C2BF /* Debug */ = {
			isa = XCBuildConfiguration;
			buildSettings = {
				ALWAYS_SEARCH_USER_PATHS = NO;
				ASSETCATALOG_COMPILER_GENERATE_SWIFT_ASSET_SYMBOL_EXTENSIONS = YES;
				CLANG_ANALYZER_NONNULL = YES;
				CLANG_ANALYZER_NUMBER_OBJECT_CONVERSION = YES_AGGRESSIVE;
				CLANG_CXX_LANGUAGE_STANDARD = "gnu++20";
				CLANG_ENABLE_MODULES = YES;
				CLANG_ENABLE_OBJC_ARC = YES;
				CLANG_ENABLE_OBJC_WEAK = YES;
				CLANG_WARN_BLOCK_CAPTURE_AUTORELEASING = YES;
				CLANG_WARN_BOOL_CONVERSION = YES;
				CLANG_WARN_COMMA = YES;
				CLANG_WARN_CONSTANT_CONVERSION = YES;
				CLANG_WARN_DEPRECATED_OBJC_IMPLEMENTATIONS = YES;
				CLANG_WARN_DIRECT_OBJC_ISA_USAGE = YES_ERROR;
				CLANG_WARN_DOCUMENTATION_COMMENTS = YES;
				CLANG_WARN_EMPTY_BODY = YES;
				CLANG_WARN_ENUM_CONVERSION = YES;
				CLANG_WARN_INFINITE_RECURSION = YES;
				CLANG_WARN_INT_CONVERSION = YES;
				CLANG_WARN_NON_LITERAL_NULL_CONVERSION = YES;
				CLANG_WARN_OBJC_IMPLICIT_RETAIN_SELF = YES;
				CLANG_WARN_OBJC_LITERAL_CONVERSION = YES;
				CLANG_WARN_OBJC_ROOT_CLASS = YES_ERROR;
				CLANG_WARN_QUOTED_INCLUDE_IN_FRAMEWORK_HEADER = YES;
				CLANG_WARN_RANGE_LOOP_ANALYSIS = YES;
				CLANG_WARN_STRICT_PROTOTYPES = YES;
				CLANG_WARN_SUSPICIOUS_MOVE = YES;
				CLANG_WARN_UNGUARDED_AVAILABILITY = YES_AGGRESSIVE;
				CLANG_WARN_UNREACHABLE_CODE = YES;
				CLANG_WARN__DUPLICATE_METHOD_MATCH = YES;
				COPY_PHASE_STRIP = NO;
				DEBUG_INFORMATION_FORMAT = dwarf;
				ENABLE_STRICT_OBJC_MSGSEND = YES;
				ENABLE_TESTABILITY = YES;
				ENABLE_USER_SCRIPT_SANDBOXING = YES;
				GCC_C_LANGUAGE_STANDARD = gnu17;
				GCC_DYNAMIC_NO_PIC = NO;
				GCC_NO_COMMON_BLOCKS = YES;
				GCC_OPTIMIZATION_LEVEL = 0;
				GCC_PREPROCESSOR_DEFINITIONS = (
					"DEBUG=1",
					"$(inherited)",
				);
				GCC_WARN_64_TO_32_BIT_CONVERSION = YES;
				GCC_WARN_ABOUT_RETURN_TYPE = YES_ERROR;
				GCC_WARN_UNDECLARED_SELECTOR = YES;
				GCC_WARN_UNINITIALIZED_AUTOS = YES_AGGRESSIVE;
				GCC_WARN_UNUSED_FUNCTION = YES;
				GCC_WARN_UNUSED_VARIABLE = YES;
				IPHONEOS_DEPLOYMENT_TARGET = 18.0;
				LOCALIZATION_PREFERS_STRING_CATALOGS = YES;
				MTL_ENABLE_DEBUG_INFO = INCLUDE_SOURCE;
				MTL_FAST_MATH = YES;
				ONLY_ACTIVE_ARCH = YES;
				SDKROOT = iphoneos;
				SWIFT_ACTIVE_COMPILATION_CONDITIONS = "DEBUG $(inherited)";
				SWIFT_OPTIMIZATION_LEVEL = "-Onone";
			};
			name = Debug;
		};
		C6233FC92E8511DE0018C2BF /* Release */ = {
			isa = XCBuildConfiguration;
			buildSettings = {
				ALWAYS_SEARCH_USER_PATHS = NO;
				ASSETCATALOG_COMPILER_GENERATE_SWIFT_ASSET_SYMBOL_EXTENSIONS = YES;
				CLANG_ANALYZER_NONNULL = YES;
				CLANG_ANALYZER_NUMBER_OBJECT_CONVERSION = YES_AGGRESSIVE;
				CLANG_CXX_LANGUAGE_STANDARD = "gnu++20";
				CLANG_ENABLE_MODULES = YES;
				CLANG_ENABLE_OBJC_ARC = YES;
				CLANG_ENABLE_OBJC_WEAK = YES;
				CLANG_WARN_BLOCK_CAPTURE_AUTORELEASING = YES;
				CLANG_WARN_BOOL_CONVERSION = YES;
				CLANG_WARN_COMMA = YES;
				CLANG_WARN_CONSTANT_CONVERSION = YES;
				CLANG_WARN_DEPRECATED_OBJC_IMPLEMENTATIONS = YES;
				CLANG_WARN_DIRECT_OBJC_ISA_USAGE = YES_ERROR;
				CLANG_WARN_DOCUMENTATION_COMMENTS = YES;
				CLANG_WARN_EMPTY_BODY = YES;
				CLANG_WARN_ENUM_CONVERSION = YES;
				CLANG_WARN_INFINITE_RECURSION = YES;
				CLANG_WARN_INT_CONVERSION = YES;
				CLANG_WARN_NON_LITERAL_NULL_CONVERSION = YES;
				CLANG_WARN_OBJC_IMPLICIT_RETAIN_SELF = YES;
				CLANG_WARN_OBJC_LITERAL_CONVERSION = YES;
				CLANG_WARN_OBJC_ROOT_CLASS = YES_ERROR;
				CLANG_WARN_QUOTED_INCLUDE_IN_FRAMEWORK_HEADER = YES;
				CLANG_WARN_RANGE_LOOP_ANALYSIS = YES;
				CLANG_WARN_STRICT_PROTOTYPES = YES;
				CLANG_WARN_SUSPICIOUS_MOVE = YES;
				CLANG_WARN_UNGUARDED_AVAILABILITY = YES_AGGRESSIVE;
				CLANG_WARN_UNREACHABLE_CODE = YES;
				CLANG_WARN__DUPLICATE_METHOD_MATCH = YES;
				COPY_PHASE_STRIP = NO;
				DEBUG_INFORMATION_FORMAT = "dwarf-with-dsym";
				ENABLE_NS_ASSERTIONS = NO;
				ENABLE_STRICT_OBJC_MSGSEND = YES;
				ENABLE_USER_SCRIPT_SANDBOXING = YES;
				GCC_C_LANGUAGE_STANDARD = gnu17;
				GCC_NO_COMMON_BLOCKS = YES;
				GCC_WARN_64_TO_32_BIT_CONVERSION = YES;
				GCC_WARN_ABOUT_RETURN_TYPE = YES_ERROR;
				GCC_WARN_UNDECLARED_SELECTOR = YES;
				GCC_WARN_UNINITIALIZED_AUTOS = YES_AGGRESSIVE;
				GCC_WARN_UNUSED_FUNCTION = YES;
				GCC_WARN_UNUSED_VARIABLE = YES;
				IPHONEOS_DEPLOYMENT_TARGET = 18.0;
				LOCALIZATION_PREFERS_STRING_CATALOGS = YES;
				MTL_ENABLE_DEBUG_INFO = NO;
				MTL_FAST_MATH = YES;
				SDKROOT = iphoneos;
				SWIFT_COMPILATION_MODE = wholemodule;
				VALIDATE_PRODUCT = YES;
			};
			name = Release;
		};
		C6233FCB2E8511DE0018C2BF /* Debug */ = {
			isa = XCBuildConfiguration;
			buildSettings = {
				BUNDLE_LOADER = "$(TEST_HOST)";
				CODE_SIGN_STYLE = Automatic;
				CURRENT_PROJECT_VERSION = 1;
				DEVELOPMENT_TEAM = P28M74SH4G;
				GENERATE_INFOPLIST_FILE = YES;
				IPHONEOS_DEPLOYMENT_TARGET = 18.0;
				MARKETING_VERSION = 1.0;
				PRODUCT_BUNDLE_IDENTIFIER = com.quantec.im.CleanArchitectureTests;
				PRODUCT_NAME = "$(TARGET_NAME)";
				SWIFT_EMIT_LOC_STRINGS = NO;
				SWIFT_VERSION = 5.0;
				TARGETED_DEVICE_FAMILY = "1,2";
				TEST_HOST = "$(BUILT_PRODUCTS_DIR)/CleanMovie.app/$(BUNDLE_EXECUTABLE_FOLDER_PATH)/CleanMovie";
			};
			name = Debug;
		};
		C6233FCC2E8511DE0018C2BF /* Release */ = {
			isa = XCBuildConfiguration;
			buildSettings = {
				BUNDLE_LOADER = "$(TEST_HOST)";
				CODE_SIGN_STYLE = Automatic;
				CURRENT_PROJECT_VERSION = 1;
				DEVELOPMENT_TEAM = P28M74SH4G;
				GENERATE_INFOPLIST_FILE = YES;
				IPHONEOS_DEPLOYMENT_TARGET = 18.0;
				MARKETING_VERSION = 1.0;
				PRODUCT_BUNDLE_IDENTIFIER = com.quantec.im.CleanArchitectureTests;
				PRODUCT_NAME = "$(TARGET_NAME)";
				SWIFT_EMIT_LOC_STRINGS = NO;
				SWIFT_VERSION = 5.0;
				TARGETED_DEVICE_FAMILY = "1,2";
				TEST_HOST = "$(BUILT_PRODUCTS_DIR)/CleanMovie.app/$(BUNDLE_EXECUTABLE_FOLDER_PATH)/CleanMovie";
			};
			name = Release;
		};
		C6233FCE2E8511DE0018C2BF /* Debug */ = {
			isa = XCBuildConfiguration;
			buildSettings = {
				CODE_SIGN_STYLE = Automatic;
				CURRENT_PROJECT_VERSION = 1;
				DEVELOPMENT_TEAM = P28M74SH4G;
				GENERATE_INFOPLIST_FILE = YES;
				MARKETING_VERSION = 1.0;
				PRODUCT_BUNDLE_IDENTIFIER = com.quantec.im.CleanArchitectureUITests;
				PRODUCT_NAME = "$(TARGET_NAME)";
				SWIFT_EMIT_LOC_STRINGS = NO;
				SWIFT_VERSION = 5.0;
				TARGETED_DEVICE_FAMILY = "1,2";
				TEST_TARGET_NAME = CleanArchitecture;
			};
			name = Debug;
		};
		C6233FCF2E8511DE0018C2BF /* Release */ = {
			isa = XCBuildConfiguration;
			buildSettings = {
				CODE_SIGN_STYLE = Automatic;
				CURRENT_PROJECT_VERSION = 1;
				DEVELOPMENT_TEAM = P28M74SH4G;
				GENERATE_INFOPLIST_FILE = YES;
				MARKETING_VERSION = 1.0;
				PRODUCT_BUNDLE_IDENTIFIER = com.quantec.im.CleanArchitectureUITests;
				PRODUCT_NAME = "$(TARGET_NAME)";
				SWIFT_EMIT_LOC_STRINGS = NO;
				SWIFT_VERSION = 5.0;
				TARGETED_DEVICE_FAMILY = "1,2";
				TEST_TARGET_NAME = CleanArchitecture;
			};
			name = Release;
		};
/* End XCBuildConfiguration section */

/* Begin XCConfigurationList section */
		C6233F972E8511DB0018C2BF /* Build configuration list for PBXProject "CleanMovie" */ = {
			isa = XCConfigurationList;
			buildConfigurations = (
				C6233FC82E8511DE0018C2BF /* Debug */,
				C6233FC92E8511DE0018C2BF /* Release */,
			);
			defaultConfigurationIsVisible = 0;
			defaultConfigurationName = Release;
		};
		C6233FC52E8511DE0018C2BF /* Build configuration list for PBXNativeTarget "CleanMovie" */ = {
			isa = XCConfigurationList;
			buildConfigurations = (
				C6233FC62E8511DE0018C2BF /* Debug */,
				C6233FC72E8511DE0018C2BF /* Release */,
			);
			defaultConfigurationIsVisible = 0;
			defaultConfigurationName = Release;
		};
		C6233FCA2E8511DE0018C2BF /* Build configuration list for PBXNativeTarget "CleanMovieTests" */ = {
			isa = XCConfigurationList;
			buildConfigurations = (
				C6233FCB2E8511DE0018C2BF /* Debug */,
				C6233FCC2E8511DE0018C2BF /* Release */,
			);
			defaultConfigurationIsVisible = 0;
			defaultConfigurationName = Release;
		};
		C6233FCD2E8511DE0018C2BF /* Build configuration list for PBXNativeTarget "CleanMovieUITests" */ = {
			isa = XCConfigurationList;
			buildConfigurations = (
				C6233FCE2E8511DE0018C2BF /* Debug */,
				C6233FCF2E8511DE0018C2BF /* Release */,
			);
			defaultConfigurationIsVisible = 0;
			defaultConfigurationName = Release;
		};
/* End XCConfigurationList section */

/* Begin XCRemoteSwiftPackageReference section */
		C62340542E862A0D0018C2BF /* XCRemoteSwiftPackageReference "Moya" */ = {
			isa = XCRemoteSwiftPackageReference;
			repositoryURL = "https://github.com/Moya/Moya.git";
			requirement = {
				kind = upToNextMajorVersion;
				minimumVersion = 15.0.3;
			};
		};
		C62340552E862A2A0018C2BF /* XCRemoteSwiftPackageReference "RxSwift" */ = {
			isa = XCRemoteSwiftPackageReference;
			repositoryURL = "https://github.com/ReactiveX/RxSwift.git";
			requirement = {
				kind = upToNextMajorVersion;
				minimumVersion = 6.9.0;
			};
		};
		C62340562E862A3D0018C2BF /* XCRemoteSwiftPackageReference "SnapKit" */ = {
			isa = XCRemoteSwiftPackageReference;
			repositoryURL = "https://github.com/SnapKit/SnapKit.git";
			requirement = {
				kind = upToNextMajorVersion;
				minimumVersion = 5.7.1;
			};
		};
		C62340572E862A4C0018C2BF /* XCRemoteSwiftPackageReference "Then" */ = {
			isa = XCRemoteSwiftPackageReference;
			repositoryURL = "https://github.com/devxoul/Then.git";
			requirement = {
				kind = upToNextMajorVersion;
				minimumVersion = 3.0.0;
			};
		};
/* End XCRemoteSwiftPackageReference section */

/* Begin XCSwiftPackageProductDependency section */
		C623405C2E862BC20018C2BF /* Then */ = {
			isa = XCSwiftPackageProductDependency;
			package = C62340572E862A4C0018C2BF /* XCRemoteSwiftPackageReference "Then" */;
			productName = Then;
		};
		C623405E2E862C570018C2BF /* SnapKit */ = {
			isa = XCSwiftPackageProductDependency;
			package = C62340562E862A3D0018C2BF /* XCRemoteSwiftPackageReference "SnapKit" */;
			productName = SnapKit;
		};
		C62340602E862C570018C2BF /* SnapKit-Dynamic */ = {
			isa = XCSwiftPackageProductDependency;
			package = C62340562E862A3D0018C2BF /* XCRemoteSwiftPackageReference "SnapKit" */;
			productName = "SnapKit-Dynamic";
		};
		C62340622E862C7D0018C2BF /* Moya */ = {
			isa = XCSwiftPackageProductDependency;
			package = C62340542E862A0D0018C2BF /* XCRemoteSwiftPackageReference "Moya" */;
			productName = Moya;
		};
		C62340642E862C7D0018C2BF /* ReactiveMoya */ = {
			isa = XCSwiftPackageProductDependency;
			package = C62340542E862A0D0018C2BF /* XCRemoteSwiftPackageReference "Moya" */;
			productName = ReactiveMoya;
		};
		C62340662E862C7D0018C2BF /* RxMoya */ = {
			isa = XCSwiftPackageProductDependency;
			package = C62340542E862A0D0018C2BF /* XCRemoteSwiftPackageReference "Moya" */;
			productName = RxMoya;
		};
		C62340682E862CAA0018C2BF /* RxBlocking */ = {
			isa = XCSwiftPackageProductDependency;
			package = C62340552E862A2A0018C2BF /* XCRemoteSwiftPackageReference "RxSwift" */;
			productName = RxBlocking;
		};
		C623406A2E862CAA0018C2BF /* RxBlocking-Dynamic */ = {
			isa = XCSwiftPackageProductDependency;
			package = C62340552E862A2A0018C2BF /* XCRemoteSwiftPackageReference "RxSwift" */;
			productName = "RxBlocking-Dynamic";
		};
		C623406C2E862CAA0018C2BF /* RxCocoa */ = {
			isa = XCSwiftPackageProductDependency;
			package = C62340552E862A2A0018C2BF /* XCRemoteSwiftPackageReference "RxSwift" */;
			productName = RxCocoa;
		};
		C623406E2E862CAA0018C2BF /* RxCocoa-Dynamic */ = {
			isa = XCSwiftPackageProductDependency;
			package = C62340552E862A2A0018C2BF /* XCRemoteSwiftPackageReference "RxSwift" */;
			productName = "RxCocoa-Dynamic";
		};
		C62340702E862CAA0018C2BF /* RxRelay */ = {
			isa = XCSwiftPackageProductDependency;
			package = C62340552E862A2A0018C2BF /* XCRemoteSwiftPackageReference "RxSwift" */;
			productName = RxRelay;
		};
		C62340722E862CAA0018C2BF /* RxRelay-Dynamic */ = {
			isa = XCSwiftPackageProductDependency;
			package = C62340552E862A2A0018C2BF /* XCRemoteSwiftPackageReference "RxSwift" */;
			productName = "RxRelay-Dynamic";
		};
		C62340742E862CAA0018C2BF /* RxSwift */ = {
			isa = XCSwiftPackageProductDependency;
			package = C62340552E862A2A0018C2BF /* XCRemoteSwiftPackageReference "RxSwift" */;
			productName = RxSwift;
		};
		C62340762E862CAA0018C2BF /* RxSwift-Dynamic */ = {
			isa = XCSwiftPackageProductDependency;
			package = C62340552E862A2A0018C2BF /* XCRemoteSwiftPackageReference "RxSwift" */;
			productName = "RxSwift-Dynamic";
		};
		C62340782E862CAA0018C2BF /* RxTest */ = {
			isa = XCSwiftPackageProductDependency;
			package = C62340552E862A2A0018C2BF /* XCRemoteSwiftPackageReference "RxSwift" */;
			productName = RxTest;
		};
		C623407A2E862CAA0018C2BF /* RxTest-Dynamic */ = {
			isa = XCSwiftPackageProductDependency;
			package = C62340552E862A2A0018C2BF /* XCRemoteSwiftPackageReference "RxSwift" */;
			productName = "RxTest-Dynamic";
		};
/* End XCSwiftPackageProductDependency section */
	};
	rootObject = C6233F942E8511DB0018C2BF /* Project object */;
}
